
Microsoft Visual Studio Solution File, Format Version 12.00
# Visual Studio 15
VisualStudioVersion = 15.0.27130.2036
MinimumVisualStudioVersion = 10.0.40219.1
Project("{FAE04EC0-301F-11D3-BF4B-00C04F79EFBC}") = "tipy", "tipy\tipy.csproj", "{B4D35AE9-0274-49E1-B680-F81C9CF9DFDD}"
EndProject
Global
	GlobalSection(SolutionConfigurationPlatforms) = preSolution
		Debug|Any CPU = Debug|Any CPU
		Release|Any CPU = Release|Any CPU
	EndGlobalSection
	GlobalSection(ProjectConfigurationPlatforms) = postSolution
		{B4D35AE9-0274-49E1-B680-F81C9CF9DFDD}.Debug|Any CPU.ActiveCfg = Debug|Any CPU
		{B4D35AE9-0274-49E1-B680-F81C9CF9DFDD}.Debug|Any CPU.Build.0 = Debug|Any CPU
		{B4D35AE9-0274-49E1-B680-F81C9CF9DFDD}.Release|Any CPU.ActiveCfg = Release|Any CPU
		{B4D35AE9-0274-49E1-B680-F81C9CF9DFDD}.Release|Any CPU.Build.0 = Release|Any CPU
	EndGlobalSection
	GlobalSection(SolutionProperties) = preSolution
		HideSolutionNode = FALSE
	EndGlobalSection
	GlobalSection(ExtensibilityGlobals) = postSolution
		SolutionGuid = {DB9F12F9-D864-4BF9-94CA-A395957F8934}
	EndGlobalSection
EndGlobal
